// !$*UTF8*$!
{
	archiveVersion = 1;
	classes = {
	};
	objectVersion = 46;
	objects = {

/* Begin PBXBuildFile section */
		144AD88E1DE05F84002B6F51 /* Picture.swift in Sources */ = {isa = PBXBuildFile; fileRef = 144AD88D1DE05F84002B6F51 /* Picture.swift */; };
		144AD8901DE06097002B6F51 /* Annotation.swift in Sources */ = {isa = PBXBuildFile; fileRef = 144AD88F1DE06097002B6F51 /* Annotation.swift */; };
		144AD8F71DE06759002B6F51 /* .gitkeep in Resources */ = {isa = PBXBuildFile; fileRef = 144AD8921DE06759002B6F51 /* .gitkeep */; };
		144AD8F81DE06759002B6F51 /* frame-markers-transparent.zip in Resources */ = {isa = PBXBuildFile; fileRef = 144AD8941DE06759002B6F51 /* frame-markers-transparent.zip */; };
		144AD8F91DE06759002B6F51 /* .gitkeep in Resources */ = {isa = PBXBuildFile; fileRef = 144AD8961DE06759002B6F51 /* .gitkeep */; };
		144AD8FA1DE0675A002B6F51 /* libVuforia.a in Frameworks */ = {isa = PBXBuildFile; fileRef = 144AD8F31DE06759002B6F51 /* libVuforia.a */; };
		144AD8FB1DE0675A002B6F51 /* license_3rdpartynotice.txt in Resources */ = {isa = PBXBuildFile; fileRef = 144AD8F51DE06759002B6F51 /* license_3rdpartynotice.txt */; };
		144AD8FC1DE0675A002B6F51 /* readme.txt in Resources */ = {isa = PBXBuildFile; fileRef = 144AD8F61DE06759002B6F51 /* readme.txt */; };
		144AD9011DE06967002B6F51 /* PictureCardViewController.swift in Sources */ = {isa = PBXBuildFile; fileRef = 144AD9001DE06967002B6F51 /* PictureCardViewController.swift */; };
		144AD9041DE06A78002B6F51 /* UIViewController+Helpers.swift in Sources */ = {isa = PBXBuildFile; fileRef = 144AD9031DE06A78002B6F51 /* UIViewController+Helpers.swift */; };
		144AD9091DE07803002B6F51 /* PhotoCell.swift in Sources */ = {isa = PBXBuildFile; fileRef = 144AD9071DE07803002B6F51 /* PhotoCell.swift */; };
		144AD90A1DE07803002B6F51 /* PhotoCell.xib in Resources */ = {isa = PBXBuildFile; fileRef = 144AD9081DE07803002B6F51 /* PhotoCell.xib */; };
		144AD90D1DE07867002B6F51 /* AnnotationCell.swift in Sources */ = {isa = PBXBuildFile; fileRef = 144AD90B1DE07867002B6F51 /* AnnotationCell.swift */; };
		144AD90E1DE07867002B6F51 /* AnnotationCell.xib in Resources */ = {isa = PBXBuildFile; fileRef = 144AD90C1DE07867002B6F51 /* AnnotationCell.xib */; };
		144AD9101DE0897B002B6F51 /* AnnotationProtocol.swift in Sources */ = {isa = PBXBuildFile; fileRef = 144AD90F1DE0897B002B6F51 /* AnnotationProtocol.swift */; };
		6B60CE271DE05B7C0093F5FD /* Pitcur.dat in Resources */ = {isa = PBXBuildFile; fileRef = 6B60CE251DE05B7C0093F5FD /* Pitcur.dat */; };
		6B60CE281DE05B7C0093F5FD /* Pitcur.xml in Resources */ = {isa = PBXBuildFile; fileRef = 6B60CE261DE05B7C0093F5FD /* Pitcur.xml */; };
		6B60CE2A1DE083AE0093F5FD /* ObjectOfInterest.swift in Sources */ = {isa = PBXBuildFile; fileRef = 6B60CE291DE083AE0093F5FD /* ObjectOfInterest.swift */; };
		6B60CE2C1DE093720093F5FD /* AmericanGothic.swift in Sources */ = {isa = PBXBuildFile; fileRef = 6B60CE2B1DE093720093F5FD /* AmericanGothic.swift */; };
		926096D41D4163B600510C24 /* SpriteKit.framework in Frameworks */ = {isa = PBXBuildFile; fileRef = 926096D31D4163B600510C24 /* SpriteKit.framework */; };
		927B76D71D27FDC600C4F5CC /* AVFoundation.framework in Frameworks */ = {isa = PBXBuildFile; fileRef = 927B76D41D27FDC600C4F5CC /* AVFoundation.framework */; };
		927B76D81D27FDC600C4F5CC /* CoreMotion.framework in Frameworks */ = {isa = PBXBuildFile; fileRef = 927B76D51D27FDC600C4F5CC /* CoreMotion.framework */; };
		927B76DB1D27FDE500C4F5CC /* SceneKit.framework in Frameworks */ = {isa = PBXBuildFile; fileRef = 927B76D91D27FDE500C4F5CC /* SceneKit.framework */; };
		927B76DC1D27FDE500C4F5CC /* SystemConfiguration.framework in Frameworks */ = {isa = PBXBuildFile; fileRef = 927B76DA1D27FDE500C4F5CC /* SystemConfiguration.framework */; };
		927B76DE1D27FE0500C4F5CC /* CoreMedia.framework in Frameworks */ = {isa = PBXBuildFile; fileRef = 927B76DD1D27FE0500C4F5CC /* CoreMedia.framework */; };
		927B76EA1D2806EF00C4F5CC /* VuforiaEAGLView.mm in Sources */ = {isa = PBXBuildFile; fileRef = 927B76E51D2806EF00C4F5CC /* VuforiaEAGLView.mm */; };
		927B76EB1D2806EF00C4F5CC /* VuforiaManager.mm in Sources */ = {isa = PBXBuildFile; fileRef = 927B76E71D2806EF00C4F5CC /* VuforiaManager.mm */; };
		927B76EC1D2806EF00C4F5CC /* VuforiaObjects.mm in Sources */ = {isa = PBXBuildFile; fileRef = 927B76E91D2806EF00C4F5CC /* VuforiaObjects.mm */; };
		927B76F71D28070D00C4F5CC /* StonesAndChips.dat in Resources */ = {isa = PBXBuildFile; fileRef = 927B76F11D28070D00C4F5CC /* StonesAndChips.dat */; };
		927B76F81D28070D00C4F5CC /* StonesAndChips.xml in Resources */ = {isa = PBXBuildFile; fileRef = 927B76F21D28070D00C4F5CC /* StonesAndChips.xml */; };
		927B76F91D28070D00C4F5CC /* Tarmac.dat in Resources */ = {isa = PBXBuildFile; fileRef = 927B76F31D28070D00C4F5CC /* Tarmac.dat */; };
		927B76FA1D28070D00C4F5CC /* Tarmac.xml in Resources */ = {isa = PBXBuildFile; fileRef = 927B76F41D28070D00C4F5CC /* Tarmac.xml */; };
		927B76FD1D2816DB00C4F5CC /* VuforiaShaderUtils.m in Sources */ = {isa = PBXBuildFile; fileRef = 927B76FC1D2816DB00C4F5CC /* VuforiaShaderUtils.m */; };
		927B77081D2824AB00C4F5CC /* OpenGLES.framework in Frameworks */ = {isa = PBXBuildFile; fileRef = 927B77071D2824AB00C4F5CC /* OpenGLES.framework */; };
		927B77091D282DF100C4F5CC /* AudioToolbox.framework in Frameworks */ = {isa = PBXBuildFile; fileRef = 927B76D31D27FDC600C4F5CC /* AudioToolbox.framework */; };
		927B770B1D282E0A00C4F5CC /* MediaPlayer.framework in Frameworks */ = {isa = PBXBuildFile; fileRef = 927B770A1D282E0A00C4F5CC /* MediaPlayer.framework */; };
		92AA11091D27A5EB00E56CBE /* AppDelegate.swift in Sources */ = {isa = PBXBuildFile; fileRef = 92AA11081D27A5EB00E56CBE /* AppDelegate.swift */; };
		92AA110B1D27A5EB00E56CBE /* ViewController.swift in Sources */ = {isa = PBXBuildFile; fileRef = 92AA110A1D27A5EB00E56CBE /* ViewController.swift */; };
		92AA110E1D27A5EB00E56CBE /* Main.storyboard in Resources */ = {isa = PBXBuildFile; fileRef = 92AA110C1D27A5EB00E56CBE /* Main.storyboard */; };
		92AA11101D27A5EB00E56CBE /* Assets.xcassets in Resources */ = {isa = PBXBuildFile; fileRef = 92AA110F1D27A5EB00E56CBE /* Assets.xcassets */; };
		92AA11131D27A5EB00E56CBE /* LaunchScreen.storyboard in Resources */ = {isa = PBXBuildFile; fileRef = 92AA11111D27A5EB00E56CBE /* LaunchScreen.storyboard */; };
		92AA11851D27B96300E56CBE /* Localizable.strings in Resources */ = {isa = PBXBuildFile; fileRef = 92AA11841D27B96300E56CBE /* Localizable.strings */; };
		C98EC3DC1EBCC0B0D2AFB2B6 /* Pods_VuforiaSampleSwift.framework in Frameworks */ = {isa = PBXBuildFile; fileRef = AD43DF1DC41244AFB5F2CC6B /* Pods_VuforiaSampleSwift.framework */; };
/* End PBXBuildFile section */

/* Begin PBXFileReference section */
		144AD88D1DE05F84002B6F51 /* Picture.swift */ = {isa = PBXFileReference; fileEncoding = 4; lastKnownFileType = sourcecode.swift; path = Picture.swift; sourceTree = "<group>"; };
		144AD88F1DE06097002B6F51 /* Annotation.swift */ = {isa = PBXFileReference; fileEncoding = 4; lastKnownFileType = sourcecode.swift; path = Annotation.swift; sourceTree = "<group>"; };
		144AD8921DE06759002B6F51 /* .gitkeep */ = {isa = PBXFileReference; fileEncoding = 4; lastKnownFileType = text; path = .gitkeep; sourceTree = "<group>"; };
		144AD8941DE06759002B6F51 /* frame-markers-transparent.zip */ = {isa = PBXFileReference; lastKnownFileType = archive.zip; path = "frame-markers-transparent.zip"; sourceTree = "<group>"; };
		144AD8961DE06759002B6F51 /* .gitkeep */ = {isa = PBXFileReference; fileEncoding = 4; lastKnownFileType = text; path = .gitkeep; sourceTree = "<group>"; };
		144AD8991DE06759002B6F51 /* Area.h */ = {isa = PBXFileReference; fileEncoding = 4; lastKnownFileType = sourcecode.c.h; path = Area.h; sourceTree = "<group>"; };
		144AD89A1DE06759002B6F51 /* Box3D.h */ = {isa = PBXFileReference; fileEncoding = 4; lastKnownFileType = sourcecode.c.h; path = Box3D.h; sourceTree = "<group>"; };
		144AD89B1DE06759002B6F51 /* CameraCalibration.h */ = {isa = PBXFileReference; fileEncoding = 4; lastKnownFileType = sourcecode.c.h; path = CameraCalibration.h; sourceTree = "<group>"; };
		144AD89C1DE06759002B6F51 /* CameraDevice.h */ = {isa = PBXFileReference; fileEncoding = 4; lastKnownFileType = sourcecode.c.h; path = CameraDevice.h; sourceTree = "<group>"; };
		144AD89D1DE06759002B6F51 /* CameraField.h */ = {isa = PBXFileReference; fileEncoding = 4; lastKnownFileType = sourcecode.c.h; path = CameraField.h; sourceTree = "<group>"; };
		144AD89E1DE06759002B6F51 /* CustomViewerParameters.h */ = {isa = PBXFileReference; fileEncoding = 4; lastKnownFileType = sourcecode.c.h; path = CustomViewerParameters.h; sourceTree = "<group>"; };
		144AD89F1DE06759002B6F51 /* CylinderTarget.h */ = {isa = PBXFileReference; fileEncoding = 4; lastKnownFileType = sourcecode.c.h; path = CylinderTarget.h; sourceTree = "<group>"; };
		144AD8A01DE06759002B6F51 /* CylinderTargetResult.h */ = {isa = PBXFileReference; fileEncoding = 4; lastKnownFileType = sourcecode.c.h; path = CylinderTargetResult.h; sourceTree = "<group>"; };
		144AD8A11DE06759002B6F51 /* DataSet.h */ = {isa = PBXFileReference; fileEncoding = 4; lastKnownFileType = sourcecode.c.h; path = DataSet.h; sourceTree = "<group>"; };
		144AD8A21DE06759002B6F51 /* Device.h */ = {isa = PBXFileReference; fileEncoding = 4; lastKnownFileType = sourcecode.c.h; path = Device.h; sourceTree = "<group>"; };
		144AD8A31DE06759002B6F51 /* DeviceTrackable.h */ = {isa = PBXFileReference; fileEncoding = 4; lastKnownFileType = sourcecode.c.h; path = DeviceTrackable.h; sourceTree = "<group>"; };
		144AD8A41DE06759002B6F51 /* DeviceTrackableResult.h */ = {isa = PBXFileReference; fileEncoding = 4; lastKnownFileType = sourcecode.c.h; path = DeviceTrackableResult.h; sourceTree = "<group>"; };
		144AD8A51DE06759002B6F51 /* DeviceTracker.h */ = {isa = PBXFileReference; fileEncoding = 4; lastKnownFileType = sourcecode.c.h; path = DeviceTracker.h; sourceTree = "<group>"; };
		144AD8A61DE06759002B6F51 /* EyeID.h */ = {isa = PBXFileReference; fileEncoding = 4; lastKnownFileType = sourcecode.c.h; path = EyeID.h; sourceTree = "<group>"; };
		144AD8A71DE06759002B6F51 /* EyewearCalibrationProfileManager.h */ = {isa = PBXFileReference; fileEncoding = 4; lastKnownFileType = sourcecode.c.h; path = EyewearCalibrationProfileManager.h; sourceTree = "<group>"; };
		144AD8A81DE06759002B6F51 /* EyewearCalibrationReading.h */ = {isa = PBXFileReference; fileEncoding = 4; lastKnownFileType = sourcecode.c.h; path = EyewearCalibrationReading.h; sourceTree = "<group>"; };
		144AD8A91DE06759002B6F51 /* EyewearDevice.h */ = {isa = PBXFileReference; fileEncoding = 4; lastKnownFileType = sourcecode.c.h; path = EyewearDevice.h; sourceTree = "<group>"; };
		144AD8AA1DE06759002B6F51 /* EyewearUserCalibrator.h */ = {isa = PBXFileReference; fileEncoding = 4; lastKnownFileType = sourcecode.c.h; path = EyewearUserCalibrator.h; sourceTree = "<group>"; };
		144AD8AB1DE06759002B6F51 /* Frame.h */ = {isa = PBXFileReference; fileEncoding = 4; lastKnownFileType = sourcecode.c.h; path = Frame.h; sourceTree = "<group>"; };
		144AD8AC1DE06759002B6F51 /* GLRenderer.h */ = {isa = PBXFileReference; fileEncoding = 4; lastKnownFileType = sourcecode.c.h; path = GLRenderer.h; sourceTree = "<group>"; };
		144AD8AD1DE06759002B6F51 /* HandheldTransformModel.h */ = {isa = PBXFileReference; fileEncoding = 4; lastKnownFileType = sourcecode.c.h; path = HandheldTransformModel.h; sourceTree = "<group>"; };
		144AD8AE1DE06759002B6F51 /* HeadTransformModel.h */ = {isa = PBXFileReference; fileEncoding = 4; lastKnownFileType = sourcecode.c.h; path = HeadTransformModel.h; sourceTree = "<group>"; };
		144AD8AF1DE06759002B6F51 /* Image.h */ = {isa = PBXFileReference; fileEncoding = 4; lastKnownFileType = sourcecode.c.h; path = Image.h; sourceTree = "<group>"; };
		144AD8B01DE06759002B6F51 /* ImageTarget.h */ = {isa = PBXFileReference; fileEncoding = 4; lastKnownFileType = sourcecode.c.h; path = ImageTarget.h; sourceTree = "<group>"; };
		144AD8B11DE06759002B6F51 /* ImageTargetBuilder.h */ = {isa = PBXFileReference; fileEncoding = 4; lastKnownFileType = sourcecode.c.h; path = ImageTargetBuilder.h; sourceTree = "<group>"; };
		144AD8B21DE06759002B6F51 /* ImageTargetResult.h */ = {isa = PBXFileReference; fileEncoding = 4; lastKnownFileType = sourcecode.c.h; path = ImageTargetResult.h; sourceTree = "<group>"; };
		144AD8B31DE06759002B6F51 /* InstanceId.h */ = {isa = PBXFileReference; fileEncoding = 4; lastKnownFileType = sourcecode.c.h; path = InstanceId.h; sourceTree = "<group>"; };
		144AD8B41DE06759002B6F51 /* Marker.h */ = {isa = PBXFileReference; fileEncoding = 4; lastKnownFileType = sourcecode.c.h; path = Marker.h; sourceTree = "<group>"; };
		144AD8B51DE06759002B6F51 /* MarkerResult.h */ = {isa = PBXFileReference; fileEncoding = 4; lastKnownFileType = sourcecode.c.h; path = MarkerResult.h; sourceTree = "<group>"; };
		144AD8B61DE06759002B6F51 /* MarkerTracker.h */ = {isa = PBXFileReference; fileEncoding = 4; lastKnownFileType = sourcecode.c.h; path = MarkerTracker.h; sourceTree = "<group>"; };
		144AD8B71DE06759002B6F51 /* Matrices.h */ = {isa = PBXFileReference; fileEncoding = 4; lastKnownFileType = sourcecode.c.h; path = Matrices.h; sourceTree = "<group>"; };
		144AD8B81DE06759002B6F51 /* Mesh.h */ = {isa = PBXFileReference; fileEncoding = 4; lastKnownFileType = sourcecode.c.h; path = Mesh.h; sourceTree = "<group>"; };
		144AD8B91DE06759002B6F51 /* MetalRenderer.h */ = {isa = PBXFileReference; fileEncoding = 4; lastKnownFileType = sourcecode.c.h; path = MetalRenderer.h; sourceTree = "<group>"; };
		144AD8BA1DE06759002B6F51 /* MultiTarget.h */ = {isa = PBXFileReference; fileEncoding = 4; lastKnownFileType = sourcecode.c.h; path = MultiTarget.h; sourceTree = "<group>"; };
		144AD8BB1DE06759002B6F51 /* MultiTargetResult.h */ = {isa = PBXFileReference; fileEncoding = 4; lastKnownFileType = sourcecode.c.h; path = MultiTargetResult.h; sourceTree = "<group>"; };
		144AD8BC1DE06759002B6F51 /* NonCopyable.h */ = {isa = PBXFileReference; fileEncoding = 4; lastKnownFileType = sourcecode.c.h; path = NonCopyable.h; sourceTree = "<group>"; };
		144AD8BD1DE06759002B6F51 /* Obb2D.h */ = {isa = PBXFileReference; fileEncoding = 4; lastKnownFileType = sourcecode.c.h; path = Obb2D.h; sourceTree = "<group>"; };
		144AD8BE1DE06759002B6F51 /* Obb3D.h */ = {isa = PBXFileReference; fileEncoding = 4; lastKnownFileType = sourcecode.c.h; path = Obb3D.h; sourceTree = "<group>"; };
		144AD8BF1DE06759002B6F51 /* ObjectTarget.h */ = {isa = PBXFileReference; fileEncoding = 4; lastKnownFileType = sourcecode.c.h; path = ObjectTarget.h; sourceTree = "<group>"; };
		144AD8C01DE06759002B6F51 /* ObjectTargetResult.h */ = {isa = PBXFileReference; fileEncoding = 4; lastKnownFileType = sourcecode.c.h; path = ObjectTargetResult.h; sourceTree = "<group>"; };
		144AD8C11DE06759002B6F51 /* ObjectTracker.h */ = {isa = PBXFileReference; fileEncoding = 4; lastKnownFileType = sourcecode.c.h; path = ObjectTracker.h; sourceTree = "<group>"; };
		144AD8C21DE06759002B6F51 /* Prop.h */ = {isa = PBXFileReference; fileEncoding = 4; lastKnownFileType = sourcecode.c.h; path = Prop.h; sourceTree = "<group>"; };
		144AD8C31DE06759002B6F51 /* PropResult.h */ = {isa = PBXFileReference; fileEncoding = 4; lastKnownFileType = sourcecode.c.h; path = PropResult.h; sourceTree = "<group>"; };
		144AD8C41DE06759002B6F51 /* Reconstruction.h */ = {isa = PBXFileReference; fileEncoding = 4; lastKnownFileType = sourcecode.c.h; path = Reconstruction.h; sourceTree = "<group>"; };
		144AD8C51DE06759002B6F51 /* ReconstructionFromTarget.h */ = {isa = PBXFileReference; fileEncoding = 4; lastKnownFileType = sourcecode.c.h; path = ReconstructionFromTarget.h; sourceTree = "<group>"; };
		144AD8C61DE06759002B6F51 /* Rectangle.h */ = {isa = PBXFileReference; fileEncoding = 4; lastKnownFileType = sourcecode.c.h; path = Rectangle.h; sourceTree = "<group>"; };
		144AD8C71DE06759002B6F51 /* Renderer.h */ = {isa = PBXFileReference; fileEncoding = 4; lastKnownFileType = sourcecode.c.h; path = Renderer.h; sourceTree = "<group>"; };
		144AD8C81DE06759002B6F51 /* RenderingPrimitives.h */ = {isa = PBXFileReference; fileEncoding = 4; lastKnownFileType = sourcecode.c.h; path = RenderingPrimitives.h; sourceTree = "<group>"; };
		144AD8C91DE06759002B6F51 /* RotationalDeviceTracker.h */ = {isa = PBXFileReference; fileEncoding = 4; lastKnownFileType = sourcecode.c.h; path = RotationalDeviceTracker.h; sourceTree = "<group>"; };
		144AD8CA1DE06759002B6F51 /* SmartTerrainBuilder.h */ = {isa = PBXFileReference; fileEncoding = 4; lastKnownFileType = sourcecode.c.h; path = SmartTerrainBuilder.h; sourceTree = "<group>"; };
		144AD8CB1DE06759002B6F51 /* SmartTerrainTrackable.h */ = {isa = PBXFileReference; fileEncoding = 4; lastKnownFileType = sourcecode.c.h; path = SmartTerrainTrackable.h; sourceTree = "<group>"; };
		144AD8CC1DE06759002B6F51 /* SmartTerrainTracker.h */ = {isa = PBXFileReference; fileEncoding = 4; lastKnownFileType = sourcecode.c.h; path = SmartTerrainTracker.h; sourceTree = "<group>"; };
		144AD8CD1DE06759002B6F51 /* State.h */ = {isa = PBXFileReference; fileEncoding = 4; lastKnownFileType = sourcecode.c.h; path = State.h; sourceTree = "<group>"; };
		144AD8CE1DE06759002B6F51 /* StateUpdater.h */ = {isa = PBXFileReference; fileEncoding = 4; lastKnownFileType = sourcecode.c.h; path = StateUpdater.h; sourceTree = "<group>"; };
		144AD8CF1DE06759002B6F51 /* Surface.h */ = {isa = PBXFileReference; fileEncoding = 4; lastKnownFileType = sourcecode.c.h; path = Surface.h; sourceTree = "<group>"; };
		144AD8D01DE06759002B6F51 /* SurfaceResult.h */ = {isa = PBXFileReference; fileEncoding = 4; lastKnownFileType = sourcecode.c.h; path = SurfaceResult.h; sourceTree = "<group>"; };
		144AD8D11DE06759002B6F51 /* System.h */ = {isa = PBXFileReference; fileEncoding = 4; lastKnownFileType = sourcecode.c.h; path = System.h; sourceTree = "<group>"; };
		144AD8D21DE06759002B6F51 /* TargetFinder.h */ = {isa = PBXFileReference; fileEncoding = 4; lastKnownFileType = sourcecode.c.h; path = TargetFinder.h; sourceTree = "<group>"; };
		144AD8D31DE06759002B6F51 /* TargetSearchResult.h */ = {isa = PBXFileReference; fileEncoding = 4; lastKnownFileType = sourcecode.c.h; path = TargetSearchResult.h; sourceTree = "<group>"; };
		144AD8D41DE06759002B6F51 /* TextTracker.h */ = {isa = PBXFileReference; fileEncoding = 4; lastKnownFileType = sourcecode.c.h; path = TextTracker.h; sourceTree = "<group>"; };
		144AD8D51DE06759002B6F51 /* Tool.h */ = {isa = PBXFileReference; fileEncoding = 4; lastKnownFileType = sourcecode.c.h; path = Tool.h; sourceTree = "<group>"; };
		144AD8D61DE06759002B6F51 /* Trackable.h */ = {isa = PBXFileReference; fileEncoding = 4; lastKnownFileType = sourcecode.c.h; path = Trackable.h; sourceTree = "<group>"; };
		144AD8D71DE06759002B6F51 /* TrackableResult.h */ = {isa = PBXFileReference; fileEncoding = 4; lastKnownFileType = sourcecode.c.h; path = TrackableResult.h; sourceTree = "<group>"; };
		144AD8D81DE06759002B6F51 /* TrackableSource.h */ = {isa = PBXFileReference; fileEncoding = 4; lastKnownFileType = sourcecode.c.h; path = TrackableSource.h; sourceTree = "<group>"; };
		144AD8D91DE06759002B6F51 /* Tracker.h */ = {isa = PBXFileReference; fileEncoding = 4; lastKnownFileType = sourcecode.c.h; path = Tracker.h; sourceTree = "<group>"; };
		144AD8DA1DE06759002B6F51 /* TrackerManager.h */ = {isa = PBXFileReference; fileEncoding = 4; lastKnownFileType = sourcecode.c.h; path = TrackerManager.h; sourceTree = "<group>"; };
		144AD8DB1DE06759002B6F51 /* TransformModel.h */ = {isa = PBXFileReference; fileEncoding = 4; lastKnownFileType = sourcecode.c.h; path = TransformModel.h; sourceTree = "<group>"; };
		144AD8DC1DE06759002B6F51 /* Type.h */ = {isa = PBXFileReference; fileEncoding = 4; lastKnownFileType = sourcecode.c.h; path = Type.h; sourceTree = "<group>"; };
		144AD8DD1DE06759002B6F51 /* UIGLViewProtocol.h */ = {isa = PBXFileReference; fileEncoding = 4; lastKnownFileType = sourcecode.c.h; path = UIGLViewProtocol.h; sourceTree = "<group>"; };
		144AD8DE1DE06759002B6F51 /* UpdateCallback.h */ = {isa = PBXFileReference; fileEncoding = 4; lastKnownFileType = sourcecode.c.h; path = UpdateCallback.h; sourceTree = "<group>"; };
		144AD8DF1DE06759002B6F51 /* Vectors.h */ = {isa = PBXFileReference; fileEncoding = 4; lastKnownFileType = sourcecode.c.h; path = Vectors.h; sourceTree = "<group>"; };
		144AD8E01DE06759002B6F51 /* VideoBackgroundConfig.h */ = {isa = PBXFileReference; fileEncoding = 4; lastKnownFileType = sourcecode.c.h; path = VideoBackgroundConfig.h; sourceTree = "<group>"; };
		144AD8E11DE06759002B6F51 /* VideoBackgroundTextureInfo.h */ = {isa = PBXFileReference; fileEncoding = 4; lastKnownFileType = sourcecode.c.h; path = VideoBackgroundTextureInfo.h; sourceTree = "<group>"; };
		144AD8E21DE06759002B6F51 /* VideoMode.h */ = {isa = PBXFileReference; fileEncoding = 4; lastKnownFileType = sourcecode.c.h; path = VideoMode.h; sourceTree = "<group>"; };
		144AD8E31DE06759002B6F51 /* View.h */ = {isa = PBXFileReference; fileEncoding = 4; lastKnownFileType = sourcecode.c.h; path = View.h; sourceTree = "<group>"; };
		144AD8E41DE06759002B6F51 /* ViewerParameters.h */ = {isa = PBXFileReference; fileEncoding = 4; lastKnownFileType = sourcecode.c.h; path = ViewerParameters.h; sourceTree = "<group>"; };
		144AD8E51DE06759002B6F51 /* ViewerParametersList.h */ = {isa = PBXFileReference; fileEncoding = 4; lastKnownFileType = sourcecode.c.h; path = ViewerParametersList.h; sourceTree = "<group>"; };
		144AD8E61DE06759002B6F51 /* ViewList.h */ = {isa = PBXFileReference; fileEncoding = 4; lastKnownFileType = sourcecode.c.h; path = ViewList.h; sourceTree = "<group>"; };
		144AD8E71DE06759002B6F51 /* VirtualButton.h */ = {isa = PBXFileReference; fileEncoding = 4; lastKnownFileType = sourcecode.c.h; path = VirtualButton.h; sourceTree = "<group>"; };
		144AD8E81DE06759002B6F51 /* VirtualButtonResult.h */ = {isa = PBXFileReference; fileEncoding = 4; lastKnownFileType = sourcecode.c.h; path = VirtualButtonResult.h; sourceTree = "<group>"; };
		144AD8E91DE06759002B6F51 /* Vuforia.h */ = {isa = PBXFileReference; fileEncoding = 4; lastKnownFileType = sourcecode.c.h; path = Vuforia.h; sourceTree = "<group>"; };
		144AD8EA1DE06759002B6F51 /* Vuforia_iOS.h */ = {isa = PBXFileReference; fileEncoding = 4; lastKnownFileType = sourcecode.c.h; path = Vuforia_iOS.h; sourceTree = "<group>"; };
		144AD8EB1DE06759002B6F51 /* VuMarkTarget.h */ = {isa = PBXFileReference; fileEncoding = 4; lastKnownFileType = sourcecode.c.h; path = VuMarkTarget.h; sourceTree = "<group>"; };
		144AD8EC1DE06759002B6F51 /* VuMarkTargetResult.h */ = {isa = PBXFileReference; fileEncoding = 4; lastKnownFileType = sourcecode.c.h; path = VuMarkTargetResult.h; sourceTree = "<group>"; };
		144AD8ED1DE06759002B6F51 /* VuMarkTemplate.h */ = {isa = PBXFileReference; fileEncoding = 4; lastKnownFileType = sourcecode.c.h; path = VuMarkTemplate.h; sourceTree = "<group>"; };
		144AD8EE1DE06759002B6F51 /* Word.h */ = {isa = PBXFileReference; fileEncoding = 4; lastKnownFileType = sourcecode.c.h; path = Word.h; sourceTree = "<group>"; };
		144AD8EF1DE06759002B6F51 /* WordList.h */ = {isa = PBXFileReference; fileEncoding = 4; lastKnownFileType = sourcecode.c.h; path = WordList.h; sourceTree = "<group>"; };
		144AD8F01DE06759002B6F51 /* WordResult.h */ = {isa = PBXFileReference; fileEncoding = 4; lastKnownFileType = sourcecode.c.h; path = WordResult.h; sourceTree = "<group>"; };
		144AD8F31DE06759002B6F51 /* libVuforia.a */ = {isa = PBXFileReference; lastKnownFileType = archive.ar; path = libVuforia.a; sourceTree = "<group>"; };
		144AD8F51DE06759002B6F51 /* license_3rdpartynotice.txt */ = {isa = PBXFileReference; fileEncoding = 4; lastKnownFileType = text; path = license_3rdpartynotice.txt; sourceTree = "<group>"; };
		144AD8F61DE06759002B6F51 /* readme.txt */ = {isa = PBXFileReference; fileEncoding = 4; lastKnownFileType = text; path = readme.txt; sourceTree = "<group>"; };
		144AD9001DE06967002B6F51 /* PictureCardViewController.swift */ = {isa = PBXFileReference; fileEncoding = 4; lastKnownFileType = sourcecode.swift; path = PictureCardViewController.swift; sourceTree = "<group>"; };
		144AD9031DE06A78002B6F51 /* UIViewController+Helpers.swift */ = {isa = PBXFileReference; fileEncoding = 4; lastKnownFileType = sourcecode.swift; path = "UIViewController+Helpers.swift"; sourceTree = "<group>"; };
		144AD9071DE07803002B6F51 /* PhotoCell.swift */ = {isa = PBXFileReference; fileEncoding = 4; lastKnownFileType = sourcecode.swift; path = PhotoCell.swift; sourceTree = "<group>"; };
		144AD9081DE07803002B6F51 /* PhotoCell.xib */ = {isa = PBXFileReference; fileEncoding = 4; lastKnownFileType = file.xib; path = PhotoCell.xib; sourceTree = "<group>"; };
		144AD90B1DE07867002B6F51 /* AnnotationCell.swift */ = {isa = PBXFileReference; fileEncoding = 4; lastKnownFileType = sourcecode.swift; path = AnnotationCell.swift; sourceTree = "<group>"; };
		144AD90C1DE07867002B6F51 /* AnnotationCell.xib */ = {isa = PBXFileReference; fileEncoding = 4; lastKnownFileType = file.xib; path = AnnotationCell.xib; sourceTree = "<group>"; };
		144AD90F1DE0897B002B6F51 /* AnnotationProtocol.swift */ = {isa = PBXFileReference; fileEncoding = 4; lastKnownFileType = sourcecode.swift; path = AnnotationProtocol.swift; sourceTree = "<group>"; };
		5D94D8E6BE863D1FD50B53F0 /* Pods-VuforiaSampleSwift.debug.xcconfig */ = {isa = PBXFileReference; includeInIndex = 1; lastKnownFileType = text.xcconfig; name = "Pods-VuforiaSampleSwift.debug.xcconfig"; path = "Pods/Target Support Files/Pods-VuforiaSampleSwift/Pods-VuforiaSampleSwift.debug.xcconfig"; sourceTree = "<group>"; };
		6B60CD531DE054780093F5FD /* libVuforia.a */ = {isa = PBXFileReference; lastKnownFileType = archive.ar; name = libVuforia.a; path = "VuforiaSampleSwift/vuforia-sdk-ios-6-1-17/build/lib/arm/libVuforia.a"; sourceTree = "<group>"; };
		6B60CE251DE05B7C0093F5FD /* Pitcur.dat */ = {isa = PBXFileReference; lastKnownFileType = file; name = Pitcur.dat; path = VuforiaSampleSwift/VuforiaAssets/ImageTargets/Pitcur.dat; sourceTree = "<group>"; };
		6B60CE261DE05B7C0093F5FD /* Pitcur.xml */ = {isa = PBXFileReference; lastKnownFileType = text.xml; name = Pitcur.xml; path = VuforiaSampleSwift/VuforiaAssets/ImageTargets/Pitcur.xml; sourceTree = "<group>"; };
		6B60CE291DE083AE0093F5FD /* ObjectOfInterest.swift */ = {isa = PBXFileReference; fileEncoding = 4; lastKnownFileType = sourcecode.swift; path = ObjectOfInterest.swift; sourceTree = "<group>"; };
		6B60CE2B1DE093720093F5FD /* AmericanGothic.swift */ = {isa = PBXFileReference; fileEncoding = 4; lastKnownFileType = sourcecode.swift; path = AmericanGothic.swift; sourceTree = "<group>"; };
		926096D31D4163B600510C24 /* SpriteKit.framework */ = {isa = PBXFileReference; lastKnownFileType = wrapper.framework; name = SpriteKit.framework; path = System/Library/Frameworks/SpriteKit.framework; sourceTree = SDKROOT; };
		927B76D31D27FDC600C4F5CC /* AudioToolbox.framework */ = {isa = PBXFileReference; lastKnownFileType = wrapper.framework; name = AudioToolbox.framework; path = System/Library/Frameworks/AudioToolbox.framework; sourceTree = SDKROOT; };
		927B76D41D27FDC600C4F5CC /* AVFoundation.framework */ = {isa = PBXFileReference; lastKnownFileType = wrapper.framework; name = AVFoundation.framework; path = System/Library/Frameworks/AVFoundation.framework; sourceTree = SDKROOT; };
		927B76D51D27FDC600C4F5CC /* CoreMotion.framework */ = {isa = PBXFileReference; lastKnownFileType = wrapper.framework; name = CoreMotion.framework; path = System/Library/Frameworks/CoreMotion.framework; sourceTree = SDKROOT; };
		927B76D91D27FDE500C4F5CC /* SceneKit.framework */ = {isa = PBXFileReference; lastKnownFileType = wrapper.framework; name = SceneKit.framework; path = System/Library/Frameworks/SceneKit.framework; sourceTree = SDKROOT; };
		927B76DA1D27FDE500C4F5CC /* SystemConfiguration.framework */ = {isa = PBXFileReference; lastKnownFileType = wrapper.framework; name = SystemConfiguration.framework; path = System/Library/Frameworks/SystemConfiguration.framework; sourceTree = SDKROOT; };
		927B76DD1D27FE0500C4F5CC /* CoreMedia.framework */ = {isa = PBXFileReference; lastKnownFileType = wrapper.framework; name = CoreMedia.framework; path = System/Library/Frameworks/CoreMedia.framework; sourceTree = SDKROOT; };
		927B76E41D2806EF00C4F5CC /* VuforiaEAGLView.h */ = {isa = PBXFileReference; fileEncoding = 4; lastKnownFileType = sourcecode.c.h; name = VuforiaEAGLView.h; path = VuforiaManager/VuforiaEAGLView.h; sourceTree = "<group>"; };
		927B76E51D2806EF00C4F5CC /* VuforiaEAGLView.mm */ = {isa = PBXFileReference; fileEncoding = 4; lastKnownFileType = sourcecode.cpp.objcpp; name = VuforiaEAGLView.mm; path = VuforiaManager/VuforiaEAGLView.mm; sourceTree = "<group>"; };
		927B76E61D2806EF00C4F5CC /* VuforiaManager.h */ = {isa = PBXFileReference; fileEncoding = 4; lastKnownFileType = sourcecode.c.h; name = VuforiaManager.h; path = VuforiaManager/VuforiaManager.h; sourceTree = "<group>"; };
		927B76E71D2806EF00C4F5CC /* VuforiaManager.mm */ = {isa = PBXFileReference; fileEncoding = 4; lastKnownFileType = sourcecode.cpp.objcpp; name = VuforiaManager.mm; path = VuforiaManager/VuforiaManager.mm; sourceTree = "<group>"; };
		927B76E81D2806EF00C4F5CC /* VuforiaObjects.h */ = {isa = PBXFileReference; fileEncoding = 4; lastKnownFileType = sourcecode.c.h; name = VuforiaObjects.h; path = VuforiaManager/VuforiaObjects.h; sourceTree = "<group>"; };
		927B76E91D2806EF00C4F5CC /* VuforiaObjects.mm */ = {isa = PBXFileReference; fileEncoding = 4; lastKnownFileType = sourcecode.cpp.objcpp; name = VuforiaObjects.mm; path = VuforiaManager/VuforiaObjects.mm; sourceTree = "<group>"; };
		927B76F11D28070D00C4F5CC /* StonesAndChips.dat */ = {isa = PBXFileReference; lastKnownFileType = file; path = StonesAndChips.dat; sourceTree = "<group>"; };
		927B76F21D28070D00C4F5CC /* StonesAndChips.xml */ = {isa = PBXFileReference; fileEncoding = 4; lastKnownFileType = text.xml; path = StonesAndChips.xml; sourceTree = "<group>"; };
		927B76F31D28070D00C4F5CC /* Tarmac.dat */ = {isa = PBXFileReference; lastKnownFileType = file; path = Tarmac.dat; sourceTree = "<group>"; };
		927B76F41D28070D00C4F5CC /* Tarmac.xml */ = {isa = PBXFileReference; fileEncoding = 4; lastKnownFileType = text.xml; path = Tarmac.xml; sourceTree = "<group>"; };
		927B76FB1D2816DB00C4F5CC /* VuforiaShaderUtils.h */ = {isa = PBXFileReference; fileEncoding = 4; lastKnownFileType = sourcecode.c.h; name = VuforiaShaderUtils.h; path = VuforiaManager/VuforiaShaderUtils.h; sourceTree = "<group>"; };
		927B76FC1D2816DB00C4F5CC /* VuforiaShaderUtils.m */ = {isa = PBXFileReference; fileEncoding = 4; lastKnownFileType = sourcecode.c.objc; name = VuforiaShaderUtils.m; path = VuforiaManager/VuforiaShaderUtils.m; sourceTree = "<group>"; };
		927B77071D2824AB00C4F5CC /* OpenGLES.framework */ = {isa = PBXFileReference; lastKnownFileType = wrapper.framework; name = OpenGLES.framework; path = System/Library/Frameworks/OpenGLES.framework; sourceTree = SDKROOT; };
		927B770A1D282E0A00C4F5CC /* MediaPlayer.framework */ = {isa = PBXFileReference; lastKnownFileType = wrapper.framework; name = MediaPlayer.framework; path = System/Library/Frameworks/MediaPlayer.framework; sourceTree = SDKROOT; };
		92AA11051D27A5EB00E56CBE /* VuforiaSampleSwift.app */ = {isa = PBXFileReference; explicitFileType = wrapper.application; includeInIndex = 0; path = VuforiaSampleSwift.app; sourceTree = BUILT_PRODUCTS_DIR; };
		92AA11081D27A5EB00E56CBE /* AppDelegate.swift */ = {isa = PBXFileReference; lastKnownFileType = sourcecode.swift; path = AppDelegate.swift; sourceTree = "<group>"; };
		92AA110A1D27A5EB00E56CBE /* ViewController.swift */ = {isa = PBXFileReference; lastKnownFileType = sourcecode.swift; path = ViewController.swift; sourceTree = "<group>"; };
		92AA110D1D27A5EB00E56CBE /* Base */ = {isa = PBXFileReference; lastKnownFileType = file.storyboard; name = Base; path = Base.lproj/Main.storyboard; sourceTree = "<group>"; };
		92AA110F1D27A5EB00E56CBE /* Assets.xcassets */ = {isa = PBXFileReference; lastKnownFileType = folder.assetcatalog; path = Assets.xcassets; sourceTree = "<group>"; };
		92AA11121D27A5EB00E56CBE /* Base */ = {isa = PBXFileReference; lastKnownFileType = file.storyboard; name = Base; path = Base.lproj/LaunchScreen.storyboard; sourceTree = "<group>"; };
		92AA11141D27A5EB00E56CBE /* Info.plist */ = {isa = PBXFileReference; lastKnownFileType = text.plist.xml; path = Info.plist; sourceTree = "<group>"; };
		92AA11801D27A6CD00E56CBE /* VuforiaSampleSwift-Bridging-Header.h */ = {isa = PBXFileReference; lastKnownFileType = sourcecode.c.h; path = "VuforiaSampleSwift-Bridging-Header.h"; sourceTree = "<group>"; };
		92AA11841D27B96300E56CBE /* Localizable.strings */ = {isa = PBXFileReference; fileEncoding = 4; lastKnownFileType = text.plist.strings; path = Localizable.strings; sourceTree = "<group>"; };
		AD43DF1DC41244AFB5F2CC6B /* Pods_VuforiaSampleSwift.framework */ = {isa = PBXFileReference; explicitFileType = wrapper.framework; includeInIndex = 0; path = Pods_VuforiaSampleSwift.framework; sourceTree = BUILT_PRODUCTS_DIR; };
		C1B0046BAABDF23D22F7A1EC /* Pods-VuforiaSampleSwift.release.xcconfig */ = {isa = PBXFileReference; includeInIndex = 1; lastKnownFileType = text.xcconfig; name = "Pods-VuforiaSampleSwift.release.xcconfig"; path = "Pods/Target Support Files/Pods-VuforiaSampleSwift/Pods-VuforiaSampleSwift.release.xcconfig"; sourceTree = "<group>"; };
/* End PBXFileReference section */

/* Begin PBXFrameworksBuildPhase section */
		92AA11021D27A5EB00E56CBE /* Frameworks */ = {
			isa = PBXFrameworksBuildPhase;
			buildActionMask = 2147483647;
			files = (
				926096D41D4163B600510C24 /* SpriteKit.framework in Frameworks */,
				927B770B1D282E0A00C4F5CC /* MediaPlayer.framework in Frameworks */,
				927B77091D282DF100C4F5CC /* AudioToolbox.framework in Frameworks */,
				927B77081D2824AB00C4F5CC /* OpenGLES.framework in Frameworks */,
				927B76DE1D27FE0500C4F5CC /* CoreMedia.framework in Frameworks */,
				144AD8FA1DE0675A002B6F51 /* libVuforia.a in Frameworks */,
				927B76DB1D27FDE500C4F5CC /* SceneKit.framework in Frameworks */,
				927B76DC1D27FDE500C4F5CC /* SystemConfiguration.framework in Frameworks */,
				927B76D71D27FDC600C4F5CC /* AVFoundation.framework in Frameworks */,
				927B76D81D27FDC600C4F5CC /* CoreMotion.framework in Frameworks */,
				C98EC3DC1EBCC0B0D2AFB2B6 /* Pods_VuforiaSampleSwift.framework in Frameworks */,
			);
			runOnlyForDeploymentPostprocessing = 0;
		};
/* End PBXFrameworksBuildPhase section */

/* Begin PBXGroup section */
		144AD88C1DE05F49002B6F51 /* Models */ = {
			isa = PBXGroup;
			children = (
				144AD88D1DE05F84002B6F51 /* Picture.swift */,
				144AD88F1DE06097002B6F51 /* Annotation.swift */,
				144AD90F1DE0897B002B6F51 /* AnnotationProtocol.swift */,
			);
			name = Models;
			sourceTree = "<group>";
		};
		144AD8911DE06759002B6F51 /* vuforia-sdk-ios-6-1-17 */ = {
			isa = PBXGroup;
			children = (
				144AD8921DE06759002B6F51 /* .gitkeep */,
				144AD8931DE06759002B6F51 /* assets */,
				144AD8951DE06759002B6F51 /* build */,
				144AD8F41DE06759002B6F51 /* licenses */,
				144AD8F61DE06759002B6F51 /* readme.txt */,
			);
			path = "vuforia-sdk-ios-6-1-17";
			sourceTree = "<group>";
		};
		144AD8931DE06759002B6F51 /* assets */ = {
			isa = PBXGroup;
			children = (
				144AD8941DE06759002B6F51 /* frame-markers-transparent.zip */,
			);
			path = assets;
			sourceTree = "<group>";
		};
		144AD8951DE06759002B6F51 /* build */ = {
			isa = PBXGroup;
			children = (
				144AD8961DE06759002B6F51 /* .gitkeep */,
				144AD8971DE06759002B6F51 /* include */,
				144AD8F11DE06759002B6F51 /* lib */,
			);
			path = build;
			sourceTree = "<group>";
		};
		144AD8971DE06759002B6F51 /* include */ = {
			isa = PBXGroup;
			children = (
				144AD8981DE06759002B6F51 /* Vuforia */,
			);
			path = include;
			sourceTree = "<group>";
		};
		144AD8981DE06759002B6F51 /* Vuforia */ = {
			isa = PBXGroup;
			children = (
				144AD8991DE06759002B6F51 /* Area.h */,
				144AD89A1DE06759002B6F51 /* Box3D.h */,
				144AD89B1DE06759002B6F51 /* CameraCalibration.h */,
				144AD89C1DE06759002B6F51 /* CameraDevice.h */,
				144AD89D1DE06759002B6F51 /* CameraField.h */,
				144AD89E1DE06759002B6F51 /* CustomViewerParameters.h */,
				144AD89F1DE06759002B6F51 /* CylinderTarget.h */,
				144AD8A01DE06759002B6F51 /* CylinderTargetResult.h */,
				144AD8A11DE06759002B6F51 /* DataSet.h */,
				144AD8A21DE06759002B6F51 /* Device.h */,
				144AD8A31DE06759002B6F51 /* DeviceTrackable.h */,
				144AD8A41DE06759002B6F51 /* DeviceTrackableResult.h */,
				144AD8A51DE06759002B6F51 /* DeviceTracker.h */,
				144AD8A61DE06759002B6F51 /* EyeID.h */,
				144AD8A71DE06759002B6F51 /* EyewearCalibrationProfileManager.h */,
				144AD8A81DE06759002B6F51 /* EyewearCalibrationReading.h */,
				144AD8A91DE06759002B6F51 /* EyewearDevice.h */,
				144AD8AA1DE06759002B6F51 /* EyewearUserCalibrator.h */,
				144AD8AB1DE06759002B6F51 /* Frame.h */,
				144AD8AC1DE06759002B6F51 /* GLRenderer.h */,
				144AD8AD1DE06759002B6F51 /* HandheldTransformModel.h */,
				144AD8AE1DE06759002B6F51 /* HeadTransformModel.h */,
				144AD8AF1DE06759002B6F51 /* Image.h */,
				144AD8B01DE06759002B6F51 /* ImageTarget.h */,
				144AD8B11DE06759002B6F51 /* ImageTargetBuilder.h */,
				144AD8B21DE06759002B6F51 /* ImageTargetResult.h */,
				144AD8B31DE06759002B6F51 /* InstanceId.h */,
				144AD8B41DE06759002B6F51 /* Marker.h */,
				144AD8B51DE06759002B6F51 /* MarkerResult.h */,
				144AD8B61DE06759002B6F51 /* MarkerTracker.h */,
				144AD8B71DE06759002B6F51 /* Matrices.h */,
				144AD8B81DE06759002B6F51 /* Mesh.h */,
				144AD8B91DE06759002B6F51 /* MetalRenderer.h */,
				144AD8BA1DE06759002B6F51 /* MultiTarget.h */,
				144AD8BB1DE06759002B6F51 /* MultiTargetResult.h */,
				144AD8BC1DE06759002B6F51 /* NonCopyable.h */,
				144AD8BD1DE06759002B6F51 /* Obb2D.h */,
				144AD8BE1DE06759002B6F51 /* Obb3D.h */,
				144AD8BF1DE06759002B6F51 /* ObjectTarget.h */,
				144AD8C01DE06759002B6F51 /* ObjectTargetResult.h */,
				144AD8C11DE06759002B6F51 /* ObjectTracker.h */,
				144AD8C21DE06759002B6F51 /* Prop.h */,
				144AD8C31DE06759002B6F51 /* PropResult.h */,
				144AD8C41DE06759002B6F51 /* Reconstruction.h */,
				144AD8C51DE06759002B6F51 /* ReconstructionFromTarget.h */,
				144AD8C61DE06759002B6F51 /* Rectangle.h */,
				144AD8C71DE06759002B6F51 /* Renderer.h */,
				144AD8C81DE06759002B6F51 /* RenderingPrimitives.h */,
				144AD8C91DE06759002B6F51 /* RotationalDeviceTracker.h */,
				144AD8CA1DE06759002B6F51 /* SmartTerrainBuilder.h */,
				144AD8CB1DE06759002B6F51 /* SmartTerrainTrackable.h */,
				144AD8CC1DE06759002B6F51 /* SmartTerrainTracker.h */,
				144AD8CD1DE06759002B6F51 /* State.h */,
				144AD8CE1DE06759002B6F51 /* StateUpdater.h */,
				144AD8CF1DE06759002B6F51 /* Surface.h */,
				144AD8D01DE06759002B6F51 /* SurfaceResult.h */,
				144AD8D11DE06759002B6F51 /* System.h */,
				144AD8D21DE06759002B6F51 /* TargetFinder.h */,
				144AD8D31DE06759002B6F51 /* TargetSearchResult.h */,
				144AD8D41DE06759002B6F51 /* TextTracker.h */,
				144AD8D51DE06759002B6F51 /* Tool.h */,
				144AD8D61DE06759002B6F51 /* Trackable.h */,
				144AD8D71DE06759002B6F51 /* TrackableResult.h */,
				144AD8D81DE06759002B6F51 /* TrackableSource.h */,
				144AD8D91DE06759002B6F51 /* Tracker.h */,
				144AD8DA1DE06759002B6F51 /* TrackerManager.h */,
				144AD8DB1DE06759002B6F51 /* TransformModel.h */,
				144AD8DC1DE06759002B6F51 /* Type.h */,
				144AD8DD1DE06759002B6F51 /* UIGLViewProtocol.h */,
				144AD8DE1DE06759002B6F51 /* UpdateCallback.h */,
				144AD8DF1DE06759002B6F51 /* Vectors.h */,
				144AD8E01DE06759002B6F51 /* VideoBackgroundConfig.h */,
				144AD8E11DE06759002B6F51 /* VideoBackgroundTextureInfo.h */,
				144AD8E21DE06759002B6F51 /* VideoMode.h */,
				144AD8E31DE06759002B6F51 /* View.h */,
				144AD8E41DE06759002B6F51 /* ViewerParameters.h */,
				144AD8E51DE06759002B6F51 /* ViewerParametersList.h */,
				144AD8E61DE06759002B6F51 /* ViewList.h */,
				144AD8E71DE06759002B6F51 /* VirtualButton.h */,
				144AD8E81DE06759002B6F51 /* VirtualButtonResult.h */,
				144AD8E91DE06759002B6F51 /* Vuforia.h */,
				144AD8EA1DE06759002B6F51 /* Vuforia_iOS.h */,
				144AD8EB1DE06759002B6F51 /* VuMarkTarget.h */,
				144AD8EC1DE06759002B6F51 /* VuMarkTargetResult.h */,
				144AD8ED1DE06759002B6F51 /* VuMarkTemplate.h */,
				144AD8EE1DE06759002B6F51 /* Word.h */,
				144AD8EF1DE06759002B6F51 /* WordList.h */,
				144AD8F01DE06759002B6F51 /* WordResult.h */,
			);
			path = Vuforia;
			sourceTree = "<group>";
		};
		144AD8F11DE06759002B6F51 /* lib */ = {
			isa = PBXGroup;
			children = (
				144AD8F21DE06759002B6F51 /* arm */,
			);
			path = lib;
			sourceTree = "<group>";
		};
		144AD8F21DE06759002B6F51 /* arm */ = {
			isa = PBXGroup;
			children = (
				144AD8F31DE06759002B6F51 /* libVuforia.a */,
			);
			path = arm;
			sourceTree = "<group>";
		};
		144AD8F41DE06759002B6F51 /* licenses */ = {
			isa = PBXGroup;
			children = (
				144AD8F51DE06759002B6F51 /* license_3rdpartynotice.txt */,
			);
			path = licenses;
			sourceTree = "<group>";
		};
		144AD8FD1DE06815002B6F51 /* Supported files */ = {
			isa = PBXGroup;
			children = (
				92AA11801D27A6CD00E56CBE /* VuforiaSampleSwift-Bridging-Header.h */,
				92AA110F1D27A5EB00E56CBE /* Assets.xcassets */,
				92AA11141D27A5EB00E56CBE /* Info.plist */,
				92AA11111D27A5EB00E56CBE /* LaunchScreen.storyboard */,
				92AA11841D27B96300E56CBE /* Localizable.strings */,
			);
			name = "Supported files";
			sourceTree = "<group>";
		};
		144AD8FE1DE06849002B6F51 /* Classes */ = {
			isa = PBXGroup;
			children = (
				92AA11081D27A5EB00E56CBE /* AppDelegate.swift */,
				92AA110A1D27A5EB00E56CBE /* ViewController.swift */,
				144AD9001DE06967002B6F51 /* PictureCardViewController.swift */,
				6B60CE291DE083AE0093F5FD /* ObjectOfInterest.swift */,
				6B60CE2B1DE093720093F5FD /* AmericanGothic.swift */,
			);
			name = Classes;
			sourceTree = "<group>";
		};
		144AD8FF1DE06855002B6F51 /* External */ = {
			isa = PBXGroup;
			children = (
				927B76DF1D27FE5900C4F5CC /* Frameworks */,
				144AD8911DE06759002B6F51 /* vuforia-sdk-ios-6-1-17 */,
				927B76E31D27FF2300C4F5CC /* VuforiaManager */,
				927B76ED1D28070D00C4F5CC /* VuforiaAssets */,
			);
			name = External;
			sourceTree = "<group>";
		};
		144AD9021DE06A63002B6F51 /* Extensions */ = {
			isa = PBXGroup;
			children = (
				144AD9031DE06A78002B6F51 /* UIViewController+Helpers.swift */,
			);
			name = Extensions;
			sourceTree = "<group>";
		};
		144AD9051DE077D9002B6F51 /* Views */ = {
			isa = PBXGroup;
			children = (
				144AD9061DE077E0002B6F51 /* Cells */,
			);
			name = Views;
			sourceTree = "<group>";
		};
		144AD9061DE077E0002B6F51 /* Cells */ = {
			isa = PBXGroup;
			children = (
				144AD9071DE07803002B6F51 /* PhotoCell.swift */,
				144AD9081DE07803002B6F51 /* PhotoCell.xib */,
				144AD90B1DE07867002B6F51 /* AnnotationCell.swift */,
				144AD90C1DE07867002B6F51 /* AnnotationCell.xib */,
			);
			name = Cells;
			sourceTree = "<group>";
		};
		38DF4D9DDA756CE2A0BCFE88 /* Pods */ = {
			isa = PBXGroup;
			children = (
				5D94D8E6BE863D1FD50B53F0 /* Pods-VuforiaSampleSwift.debug.xcconfig */,
				C1B0046BAABDF23D22F7A1EC /* Pods-VuforiaSampleSwift.release.xcconfig */,
			);
			name = Pods;
			sourceTree = "<group>";
		};
		6B60CD521DE054780093F5FD /* Frameworks */ = {
			isa = PBXGroup;
			children = (
				6B60CD531DE054780093F5FD /* libVuforia.a */,
				AD43DF1DC41244AFB5F2CC6B /* Pods_VuforiaSampleSwift.framework */,
			);
			name = Frameworks;
			sourceTree = "<group>";
		};
		927B76DF1D27FE5900C4F5CC /* Frameworks */ = {
			isa = PBXGroup;
			children = (
				926096D31D4163B600510C24 /* SpriteKit.framework */,
				927B770A1D282E0A00C4F5CC /* MediaPlayer.framework */,
				927B77071D2824AB00C4F5CC /* OpenGLES.framework */,
				927B76DD1D27FE0500C4F5CC /* CoreMedia.framework */,
				927B76D91D27FDE500C4F5CC /* SceneKit.framework */,
				927B76DA1D27FDE500C4F5CC /* SystemConfiguration.framework */,
				927B76D31D27FDC600C4F5CC /* AudioToolbox.framework */,
				927B76D41D27FDC600C4F5CC /* AVFoundation.framework */,
				927B76D51D27FDC600C4F5CC /* CoreMotion.framework */,
			);
			name = Frameworks;
			path = ..;
			sourceTree = "<group>";
		};
		927B76E31D27FF2300C4F5CC /* VuforiaManager */ = {
			isa = PBXGroup;
			children = (
				927B76E41D2806EF00C4F5CC /* VuforiaEAGLView.h */,
				927B76E51D2806EF00C4F5CC /* VuforiaEAGLView.mm */,
				927B76FB1D2816DB00C4F5CC /* VuforiaShaderUtils.h */,
				927B76FC1D2816DB00C4F5CC /* VuforiaShaderUtils.m */,
				927B76E61D2806EF00C4F5CC /* VuforiaManager.h */,
				927B76E71D2806EF00C4F5CC /* VuforiaManager.mm */,
				927B76E81D2806EF00C4F5CC /* VuforiaObjects.h */,
				927B76E91D2806EF00C4F5CC /* VuforiaObjects.mm */,
			);
			name = VuforiaManager;
			sourceTree = "<group>";
		};
		927B76ED1D28070D00C4F5CC /* VuforiaAssets */ = {
			isa = PBXGroup;
			children = (
				927B76EE1D28070D00C4F5CC /* ImageTargets */,
			);
			path = VuforiaAssets;
			sourceTree = "<group>";
		};
		927B76EE1D28070D00C4F5CC /* ImageTargets */ = {
			isa = PBXGroup;
			children = (
				927B76F11D28070D00C4F5CC /* StonesAndChips.dat */,
				927B76F21D28070D00C4F5CC /* StonesAndChips.xml */,
				927B76F31D28070D00C4F5CC /* Tarmac.dat */,
				927B76F41D28070D00C4F5CC /* Tarmac.xml */,
			);
			path = ImageTargets;
			sourceTree = "<group>";
		};
		92AA10FC1D27A5EB00E56CBE = {
			isa = PBXGroup;
			children = (
				6B60CE251DE05B7C0093F5FD /* Pitcur.dat */,
				6B60CE261DE05B7C0093F5FD /* Pitcur.xml */,
				92AA11071D27A5EB00E56CBE /* VuforiaSampleSwift */,
				92AA11061D27A5EB00E56CBE /* Products */,
				6B60CD521DE054780093F5FD /* Frameworks */,
				38DF4D9DDA756CE2A0BCFE88 /* Pods */,
			);
			sourceTree = "<group>";
		};
		92AA11061D27A5EB00E56CBE /* Products */ = {
			isa = PBXGroup;
			children = (
				92AA11051D27A5EB00E56CBE /* VuforiaSampleSwift.app */,
			);
			name = Products;
			sourceTree = "<group>";
		};
		92AA11071D27A5EB00E56CBE /* VuforiaSampleSwift */ = {
			isa = PBXGroup;
			children = (
				144AD9051DE077D9002B6F51 /* Views */,
				92AA110C1D27A5EB00E56CBE /* Main.storyboard */,
				144AD9021DE06A63002B6F51 /* Extensions */,
				144AD8FE1DE06849002B6F51 /* Classes */,
				144AD88C1DE05F49002B6F51 /* Models */,
				144AD8FF1DE06855002B6F51 /* External */,
				144AD8FD1DE06815002B6F51 /* Supported files */,
			);
			path = VuforiaSampleSwift;
			sourceTree = "<group>";
		};
/* End PBXGroup section */

/* Begin PBXNativeTarget section */
		92AA11041D27A5EB00E56CBE /* VuforiaSampleSwift */ = {
			isa = PBXNativeTarget;
			buildConfigurationList = 92AA11171D27A5EB00E56CBE /* Build configuration list for PBXNativeTarget "VuforiaSampleSwift" */;
			buildPhases = (
				C9DA3020B6BC49EF27554E99 /* [CP] Check Pods Manifest.lock */,
				92AA11011D27A5EB00E56CBE /* Sources */,
				92AA11021D27A5EB00E56CBE /* Frameworks */,
				92AA11031D27A5EB00E56CBE /* Resources */,
				764FDB1CCF406A8649D30FDE /* [CP] Embed Pods Frameworks */,
				2FDEFE99B22AF26F9A7885B9 /* [CP] Copy Pods Resources */,
			);
			buildRules = (
			);
			dependencies = (
			);
			name = VuforiaSampleSwift;
			productName = VuforiaSampleSwift;
			productReference = 92AA11051D27A5EB00E56CBE /* VuforiaSampleSwift.app */;
			productType = "com.apple.product-type.application";
		};
/* End PBXNativeTarget section */

/* Begin PBXProject section */
		92AA10FD1D27A5EB00E56CBE /* Project object */ = {
			isa = PBXProject;
			attributes = {
				LastSwiftUpdateCheck = 0730;
				LastUpgradeCheck = 0800;
				ORGANIZATIONNAME = "Yoshihiro Kato";
				TargetAttributes = {
					92AA11041D27A5EB00E56CBE = {
						CreatedOnToolsVersion = 7.3.1;
						DevelopmentTeam = Z626L65G9N;
						LastSwiftMigration = 0800;
						ProvisioningStyle = Automatic;
					};
				};
			};
			buildConfigurationList = 92AA11001D27A5EB00E56CBE /* Build configuration list for PBXProject "VuforiaSampleSwift" */;
			compatibilityVersion = "Xcode 3.2";
			developmentRegion = English;
			hasScannedForEncodings = 0;
			knownRegions = (
				en,
				Base,
			);
			mainGroup = 92AA10FC1D27A5EB00E56CBE;
			productRefGroup = 92AA11061D27A5EB00E56CBE /* Products */;
			projectDirPath = "";
			projectRoot = "";
			targets = (
				92AA11041D27A5EB00E56CBE /* VuforiaSampleSwift */,
			);
		};
/* End PBXProject section */

/* Begin PBXResourcesBuildPhase section */
		92AA11031D27A5EB00E56CBE /* Resources */ = {
			isa = PBXResourcesBuildPhase;
			buildActionMask = 2147483647;
			files = (
				144AD8FC1DE0675A002B6F51 /* readme.txt in Resources */,
				92AA11131D27A5EB00E56CBE /* LaunchScreen.storyboard in Resources */,
				927B76FA1D28070D00C4F5CC /* Tarmac.xml in Resources */,
				144AD8F71DE06759002B6F51 /* .gitkeep in Resources */,
				92AA11101D27A5EB00E56CBE /* Assets.xcassets in Resources */,
				6B60CE271DE05B7C0093F5FD /* Pitcur.dat in Resources */,
				6B60CE281DE05B7C0093F5FD /* Pitcur.xml in Resources */,
				144AD8F81DE06759002B6F51 /* frame-markers-transparent.zip in Resources */,
				144AD90E1DE07867002B6F51 /* AnnotationCell.xib in Resources */,
				144AD90A1DE07803002B6F51 /* PhotoCell.xib in Resources */,
				927B76F91D28070D00C4F5CC /* Tarmac.dat in Resources */,
				144AD8F91DE06759002B6F51 /* .gitkeep in Resources */,
				927B76F81D28070D00C4F5CC /* StonesAndChips.xml in Resources */,
				92AA11851D27B96300E56CBE /* Localizable.strings in Resources */,
				927B76F71D28070D00C4F5CC /* StonesAndChips.dat in Resources */,
				92AA110E1D27A5EB00E56CBE /* Main.storyboard in Resources */,
				144AD8FB1DE0675A002B6F51 /* license_3rdpartynotice.txt in Resources */,
			);
			runOnlyForDeploymentPostprocessing = 0;
		};
/* End PBXResourcesBuildPhase section */

/* Begin PBXShellScriptBuildPhase section */
		2FDEFE99B22AF26F9A7885B9 /* [CP] Copy Pods Resources */ = {
			isa = PBXShellScriptBuildPhase;
			buildActionMask = 2147483647;
			files = (
			);
			inputPaths = (
			);
			name = "[CP] Copy Pods Resources";
			outputPaths = (
			);
			runOnlyForDeploymentPostprocessing = 0;
			shellPath = /bin/sh;
			shellScript = "\"${SRCROOT}/Pods/Target Support Files/Pods-VuforiaSampleSwift/Pods-VuforiaSampleSwift-resources.sh\"\n";
			showEnvVarsInLog = 0;
		};
		764FDB1CCF406A8649D30FDE /* [CP] Embed Pods Frameworks */ = {
			isa = PBXShellScriptBuildPhase;
			buildActionMask = 2147483647;
			files = (
			);
			inputPaths = (
			);
			name = "[CP] Embed Pods Frameworks";
			outputPaths = (
			);
			runOnlyForDeploymentPostprocessing = 0;
			shellPath = /bin/sh;
			shellScript = "\"${SRCROOT}/Pods/Target Support Files/Pods-VuforiaSampleSwift/Pods-VuforiaSampleSwift-frameworks.sh\"\n";
			showEnvVarsInLog = 0;
		};
		C9DA3020B6BC49EF27554E99 /* [CP] Check Pods Manifest.lock */ = {
			isa = PBXShellScriptBuildPhase;
			buildActionMask = 2147483647;
			files = (
			);
			inputPaths = (
			);
			name = "[CP] Check Pods Manifest.lock";
			outputPaths = (
			);
			runOnlyForDeploymentPostprocessing = 0;
			shellPath = /bin/sh;
			shellScript = "diff \"${PODS_ROOT}/../Podfile.lock\" \"${PODS_ROOT}/Manifest.lock\" > /dev/null\nif [ $? != 0 ] ; then\n    # print error to STDERR\n    echo \"error: The sandbox is not in sync with the Podfile.lock. Run 'pod install' or update your CocoaPods installation.\" >&2\n    exit 1\nfi\n";
			showEnvVarsInLog = 0;
		};
/* End PBXShellScriptBuildPhase section */

/* Begin PBXSourcesBuildPhase section */
		92AA11011D27A5EB00E56CBE /* Sources */ = {
			isa = PBXSourcesBuildPhase;
			buildActionMask = 2147483647;
			files = (
				144AD9011DE06967002B6F51 /* PictureCardViewController.swift in Sources */,
				6B60CE2C1DE093720093F5FD /* AmericanGothic.swift in Sources */,
				927B76EA1D2806EF00C4F5CC /* VuforiaEAGLView.mm in Sources */,
				144AD90D1DE07867002B6F51 /* AnnotationCell.swift in Sources */,
				927B76FD1D2816DB00C4F5CC /* VuforiaShaderUtils.m in Sources */,
				144AD9101DE0897B002B6F51 /* AnnotationProtocol.swift in Sources */,
				92AA110B1D27A5EB00E56CBE /* ViewController.swift in Sources */,
				144AD8901DE06097002B6F51 /* Annotation.swift in Sources */,
				92AA11091D27A5EB00E56CBE /* AppDelegate.swift in Sources */,
				144AD88E1DE05F84002B6F51 /* Picture.swift in Sources */,
				927B76EB1D2806EF00C4F5CC /* VuforiaManager.mm in Sources */,
				144AD9041DE06A78002B6F51 /* UIViewController+Helpers.swift in Sources */,
				144AD9091DE07803002B6F51 /* PhotoCell.swift in Sources */,
				927B76EC1D2806EF00C4F5CC /* VuforiaObjects.mm in Sources */,
				6B60CE2A1DE083AE0093F5FD /* ObjectOfInterest.swift in Sources */,
			);
			runOnlyForDeploymentPostprocessing = 0;
		};
/* End PBXSourcesBuildPhase section */

/* Begin PBXVariantGroup section */
		92AA110C1D27A5EB00E56CBE /* Main.storyboard */ = {
			isa = PBXVariantGroup;
			children = (
				92AA110D1D27A5EB00E56CBE /* Base */,
			);
			name = Main.storyboard;
			sourceTree = "<group>";
		};
		92AA11111D27A5EB00E56CBE /* LaunchScreen.storyboard */ = {
			isa = PBXVariantGroup;
			children = (
				92AA11121D27A5EB00E56CBE /* Base */,
			);
			name = LaunchScreen.storyboard;
			sourceTree = "<group>";
		};
/* End PBXVariantGroup section */

/* Begin XCBuildConfiguration section */
		92AA11151D27A5EB00E56CBE /* Debug */ = {
			isa = XCBuildConfiguration;
			buildSettings = {
				ALWAYS_SEARCH_USER_PATHS = NO;
				CLANG_ANALYZER_NONNULL = YES;
				CLANG_CXX_LANGUAGE_STANDARD = "gnu++0x";
				CLANG_CXX_LIBRARY = "libc++";
				CLANG_ENABLE_MODULES = YES;
				CLANG_ENABLE_OBJC_ARC = YES;
				CLANG_WARN_BOOL_CONVERSION = YES;
				CLANG_WARN_CONSTANT_CONVERSION = YES;
				CLANG_WARN_DIRECT_OBJC_ISA_USAGE = YES_ERROR;
				CLANG_WARN_EMPTY_BODY = YES;
				CLANG_WARN_ENUM_CONVERSION = YES;
				CLANG_WARN_INFINITE_RECURSION = YES;
				CLANG_WARN_INT_CONVERSION = YES;
				CLANG_WARN_OBJC_ROOT_CLASS = YES_ERROR;
				CLANG_WARN_SUSPICIOUS_MOVE = YES;
				CLANG_WARN_UNREACHABLE_CODE = YES;
				CLANG_WARN__DUPLICATE_METHOD_MATCH = YES;
				"CODE_SIGN_IDENTITY[sdk=iphoneos*]" = "iPhone Developer";
				COPY_PHASE_STRIP = NO;
				DEBUG_INFORMATION_FORMAT = dwarf;
				ENABLE_BITCODE = NO;
				ENABLE_STRICT_OBJC_MSGSEND = YES;
				ENABLE_TESTABILITY = YES;
				GCC_C_LANGUAGE_STANDARD = gnu99;
				GCC_DYNAMIC_NO_PIC = NO;
				GCC_NO_COMMON_BLOCKS = YES;
				GCC_OPTIMIZATION_LEVEL = 0;
				GCC_PREPROCESSOR_DEFINITIONS = (
					"DEBUG=1",
					"$(inherited)",
				);
				GCC_WARN_64_TO_32_BIT_CONVERSION = YES;
				GCC_WARN_ABOUT_RETURN_TYPE = YES_ERROR;
				GCC_WARN_UNDECLARED_SELECTOR = YES;
				GCC_WARN_UNINITIALIZED_AUTOS = YES_AGGRESSIVE;
				GCC_WARN_UNUSED_FUNCTION = YES;
				GCC_WARN_UNUSED_VARIABLE = YES;
				IPHONEOS_DEPLOYMENT_TARGET = 9.3;
				MTL_ENABLE_DEBUG_INFO = YES;
				ONLY_ACTIVE_ARCH = YES;
				SDKROOT = iphoneos;
				SWIFT_OPTIMIZATION_LEVEL = "-Onone";
			};
			name = Debug;
		};
		92AA11161D27A5EB00E56CBE /* Release */ = {
			isa = XCBuildConfiguration;
			buildSettings = {
				ALWAYS_SEARCH_USER_PATHS = NO;
				CLANG_ANALYZER_NONNULL = YES;
				CLANG_CXX_LANGUAGE_STANDARD = "gnu++0x";
				CLANG_CXX_LIBRARY = "libc++";
				CLANG_ENABLE_MODULES = YES;
				CLANG_ENABLE_OBJC_ARC = YES;
				CLANG_WARN_BOOL_CONVERSION = YES;
				CLANG_WARN_CONSTANT_CONVERSION = YES;
				CLANG_WARN_DIRECT_OBJC_ISA_USAGE = YES_ERROR;
				CLANG_WARN_EMPTY_BODY = YES;
				CLANG_WARN_ENUM_CONVERSION = YES;
				CLANG_WARN_INFINITE_RECURSION = YES;
				CLANG_WARN_INT_CONVERSION = YES;
				CLANG_WARN_OBJC_ROOT_CLASS = YES_ERROR;
				CLANG_WARN_SUSPICIOUS_MOVE = YES;
				CLANG_WARN_UNREACHABLE_CODE = YES;
				CLANG_WARN__DUPLICATE_METHOD_MATCH = YES;
				"CODE_SIGN_IDENTITY[sdk=iphoneos*]" = "iPhone Developer";
				COPY_PHASE_STRIP = NO;
				DEBUG_INFORMATION_FORMAT = "dwarf-with-dsym";
				ENABLE_BITCODE = NO;
				ENABLE_NS_ASSERTIONS = NO;
				ENABLE_STRICT_OBJC_MSGSEND = YES;
				GCC_C_LANGUAGE_STANDARD = gnu99;
				GCC_NO_COMMON_BLOCKS = YES;
				GCC_WARN_64_TO_32_BIT_CONVERSION = YES;
				GCC_WARN_ABOUT_RETURN_TYPE = YES_ERROR;
				GCC_WARN_UNDECLARED_SELECTOR = YES;
				GCC_WARN_UNINITIALIZED_AUTOS = YES_AGGRESSIVE;
				GCC_WARN_UNUSED_FUNCTION = YES;
				GCC_WARN_UNUSED_VARIABLE = YES;
				IPHONEOS_DEPLOYMENT_TARGET = 9.3;
				MTL_ENABLE_DEBUG_INFO = NO;
				SDKROOT = iphoneos;
				SWIFT_OPTIMIZATION_LEVEL = "-Owholemodule";
				VALIDATE_PRODUCT = YES;
			};
			name = Release;
		};
		92AA11181D27A5EB00E56CBE /* Debug */ = {
			isa = XCBuildConfiguration;
			baseConfigurationReference = 5D94D8E6BE863D1FD50B53F0 /* Pods-VuforiaSampleSwift.debug.xcconfig */;
			buildSettings = {
				ASSETCATALOG_COMPILER_APPICON_NAME = AppIcon;
				CLANG_ENABLE_MODULES = YES;
				"CODE_SIGN_IDENTITY[sdk=iphoneos*]" = "iPhone Developer";
				DEVELOPMENT_TEAM = Z626L65G9N;
				ENABLE_BITCODE = NO;
				HEADER_SEARCH_PATHS = "\"$(SRCROOT)/VuforiaSampleSwift/vuforia-sdk-ios-6-1-17/build/include\"";
				INFOPLIST_FILE = VuforiaSampleSwift/Info.plist;
				LD_RUNPATH_SEARCH_PATHS = "$(inherited) @executable_path/Frameworks";
				LIBRARY_SEARCH_PATHS = (
					"$(inherited)",
					"$(PROJECT_DIR)/VuforiaSampleSwift/vuforia-sdk-ios-6-1-17/build/lib/arm",
				);
				PRODUCT_BUNDLE_IDENTIFIER = "com.sputnik-apps.VuforiaSampleSwift";
				PRODUCT_NAME = VuforiaSampleSwift;
				SWIFT_OBJC_BRIDGING_HEADER = "VuforiaSampleSwift/VuforiaSampleSwift-Bridging-Header.h";
				SWIFT_OPTIMIZATION_LEVEL = "-Onone";
				SWIFT_VERSION = 3.0;
				USER_HEADER_SEARCH_PATHS = "";
			};
			name = Debug;
		};
		92AA11191D27A5EB00E56CBE /* Release */ = {
			isa = XCBuildConfiguration;
			baseConfigurationReference = C1B0046BAABDF23D22F7A1EC /* Pods-VuforiaSampleSwift.release.xcconfig */;
			buildSettings = {
				ASSETCATALOG_COMPILER_APPICON_NAME = AppIcon;
				CLANG_ENABLE_MODULES = YES;
				"CODE_SIGN_IDENTITY[sdk=iphoneos*]" = "iPhone Developer";
				DEVELOPMENT_TEAM = Z626L65G9N;
				ENABLE_BITCODE = NO;
				HEADER_SEARCH_PATHS = "\"$(SRCROOT)/VuforiaSampleSwift/vuforia-sdk-ios-6-1-17/build/include\"";
				INFOPLIST_FILE = VuforiaSampleSwift/Info.plist;
				LD_RUNPATH_SEARCH_PATHS = "$(inherited) @executable_path/Frameworks";
				LIBRARY_SEARCH_PATHS = (
					"$(inherited)",
					"$(PROJECT_DIR)/VuforiaSampleSwift/vuforia-sdk-ios-6-1-17/build/lib/arm",
				);
				PRODUCT_BUNDLE_IDENTIFIER = "com.sputnik-apps.VuforiaSampleSwift";
				PRODUCT_NAME = VuforiaSampleSwift;
				SWIFT_OBJC_BRIDGING_HEADER = "VuforiaSampleSwift/VuforiaSampleSwift-Bridging-Header.h";
				SWIFT_VERSION = 3.0;
				USER_HEADER_SEARCH_PATHS = "";
			};
			name = Release;
		};
/* End XCBuildConfiguration section */

/* Begin XCConfigurationList section */
		92AA11001D27A5EB00E56CBE /* Build configuration list for PBXProject "VuforiaSampleSwift" */ = {
			isa = XCConfigurationList;
			buildConfigurations = (
				92AA11151D27A5EB00E56CBE /* Debug */,
				92AA11161D27A5EB00E56CBE /* Release */,
			);
			defaultConfigurationIsVisible = 0;
			defaultConfigurationName = Release;
		};
		92AA11171D27A5EB00E56CBE /* Build configuration list for PBXNativeTarget "VuforiaSampleSwift" */ = {
			isa = XCConfigurationList;
			buildConfigurations = (
				92AA11181D27A5EB00E56CBE /* Debug */,
				92AA11191D27A5EB00E56CBE /* Release */,
			);
			defaultConfigurationIsVisible = 0;
			defaultConfigurationName = Release;
		};
/* End XCConfigurationList section */
	};
	rootObject = 92AA10FD1D27A5EB00E56CBE /* Project object */;
}
